
Microsoft Visual Studio Solution File, Format Version 12.00
# Visual Studio Version 16
VisualStudioVersion = 16.0.31702.278
MinimumVisualStudioVersion = 10.0.40219.1
Project("{FAE04EC0-301F-11D3-BF4B-00C04F79EFBC}") = "Вариант 3", "Вариант 3.csproj", "{190AB204-6DAA-4E48-A46B-F481E9B9C15A}"
EndProject
Global
	GlobalSection(SolutionConfigurationPlatforms) = preSolution
		Debug|Any CPU = Debug|Any CPU
		Release|Any CPU = Release|Any CPU
	EndGlobalSection
	GlobalSection(ProjectConfigurationPlatforms) = postSolution
		{190AB204-6DAA-4E48-A46B-F481E9B9C15A}.Debug|Any CPU.ActiveCfg = Debug|Any CPU
		{190AB204-6DAA-4E48-A46B-F481E9B9C15A}.Debug|Any CPU.Build.0 = Debug|Any CPU
		{190AB204-6DAA-4E48-A46B-F481E9B9C15A}.Release|Any CPU.ActiveCfg = Release|Any CPU
		{190AB204-6DAA-4E48-A46B-F481E9B9C15A}.Release|Any CPU.Build.0 = Release|Any CPU
	EndGlobalSection
	GlobalSection(SolutionProperties) = preSolution
		HideSolutionNode = FALSE
	EndGlobalSection
	GlobalSection(ExtensibilityGlobals) = postSolution
		SolutionGuid = {ACE6E721-5F36-41E7-9377-0DB53FE038E9}
	EndGlobalSection
EndGlobal
